// !$*UTF8*$!
{
	archiveVersion = 1;
	classes = {
	};
	objectVersion = 51;
	objects = {

/* Begin PBXBuildFile section */
		1CDBE80DE76AA82D300DFCF1 /* Pods_FlixTests.framework in Frameworks */ = {isa = PBXBuildFile; fileRef = E9608D14D58232539763D9EE /* Pods_FlixTests.framework */; };
		1D5CB9CBE7C9432F25F06E2D /* Pods_Flix_FlixUITests.framework in Frameworks */ = {isa = PBXBuildFile; fileRef = C7D294EF46E03F9A812E3EBE /* Pods_Flix_FlixUITests.framework */; };
		344D4538EA29F308D9A5094F /* Pods_Flix.framework in Frameworks */ = {isa = PBXBuildFile; fileRef = 6171F7B364D78EF5B90F304D /* Pods_Flix.framework */; };
		D900476025EAFE7500F1B750 /* MovieDetailsViewController.swift in Sources */ = {isa = PBXBuildFile; fileRef = D900475F25EAFE7500F1B750 /* MovieDetailsViewController.swift */; };
		D900476525EB25D700F1B750 /* MovieGridViewController.swift in Sources */ = {isa = PBXBuildFile; fileRef = D900476425EB25D700F1B750 /* MovieGridViewController.swift */; };
		D900477225EB358C00F1B750 /* MovieGridCell.swift in Sources */ = {isa = PBXBuildFile; fileRef = D900477125EB358C00F1B750 /* MovieGridCell.swift */; };
		D900477725EB484100F1B750 /* MovieGridDetailsViewController.swift in Sources */ = {isa = PBXBuildFile; fileRef = D900477625EB484100F1B750 /* MovieGridDetailsViewController.swift */; };
		D949BF8C25E0611A00630BFF /* MovieCell.swift in Sources */ = {isa = PBXBuildFile; fileRef = D949BF8B25E0611A00630BFF /* MovieCell.swift */; };
		D9B4403C25DC480B0045651A /* AppDelegate.swift in Sources */ = {isa = PBXBuildFile; fileRef = D9B4403B25DC480B0045651A /* AppDelegate.swift */; };
		D9B4403E25DC480B0045651A /* SceneDelegate.swift in Sources */ = {isa = PBXBuildFile; fileRef = D9B4403D25DC480B0045651A /* SceneDelegate.swift */; };
		D9B4404325DC480B0045651A /* Main.storyboard in Resources */ = {isa = PBXBuildFile; fileRef = D9B4404125DC480B0045651A /* Main.storyboard */; };
		D9B4404525DC48100045651A /* Assets.xcassets in Resources */ = {isa = PBXBuildFile; fileRef = D9B4404425DC48100045651A /* Assets.xcassets */; };
		D9B4404825DC48100045651A /* LaunchScreen.storyboard in Resources */ = {isa = PBXBuildFile; fileRef = D9B4404625DC48100045651A /* LaunchScreen.storyboard */; };
		D9B4405325DC48110045651A /* FlixTests.swift in Sources */ = {isa = PBXBuildFile; fileRef = D9B4405225DC48110045651A /* FlixTests.swift */; };
		D9B4405E25DC48110045651A /* FlixUITests.swift in Sources */ = {isa = PBXBuildFile; fileRef = D9B4405D25DC48110045651A /* FlixUITests.swift */; };
		D9B4407225DDF10D0045651A /* MoviesViewController.swift in Sources */ = {isa = PBXBuildFile; fileRef = D9B4407125DDF10D0045651A /* MoviesViewController.swift */; };
/* End PBXBuildFile section */

/* Begin PBXContainerItemProxy section */
		D9B4404F25DC48110045651A /* PBXContainerItemProxy */ = {
			isa = PBXContainerItemProxy;
			containerPortal = D9B4403025DC480B0045651A /* Project object */;
			proxyType = 1;
			remoteGlobalIDString = D9B4403725DC480B0045651A;
			remoteInfo = Flix;
		};
		D9B4405A25DC48110045651A /* PBXContainerItemProxy */ = {
			isa = PBXContainerItemProxy;
			containerPortal = D9B4403025DC480B0045651A /* Project object */;
			proxyType = 1;
			remoteGlobalIDString = D9B4403725DC480B0045651A;
			remoteInfo = Flix;
		};
/* End PBXContainerItemProxy section */

/* Begin PBXFileReference section */
		0F445AC55158047911558C05 /* Pods-Flix-FlixUITests.release.xcconfig */ = {isa = PBXFileReference; includeInIndex = 1; lastKnownFileType = text.xcconfig; name = "Pods-Flix-FlixUITests.release.xcconfig"; path = "Target Support Files/Pods-Flix-FlixUITests/Pods-Flix-FlixUITests.release.xcconfig"; sourceTree = "<group>"; };
		1D8C5E12B69C4859EEA593CD /* Pods-Flix.release.xcconfig */ = {isa = PBXFileReference; includeInIndex = 1; lastKnownFileType = text.xcconfig; name = "Pods-Flix.release.xcconfig"; path = "Target Support Files/Pods-Flix/Pods-Flix.release.xcconfig"; sourceTree = "<group>"; };
		1ED3F13021DCB0D0C79C3953 /* Pods-FlixTests.debug.xcconfig */ = {isa = PBXFileReference; includeInIndex = 1; lastKnownFileType = text.xcconfig; name = "Pods-FlixTests.debug.xcconfig"; path = "Target Support Files/Pods-FlixTests/Pods-FlixTests.debug.xcconfig"; sourceTree = "<group>"; };
		1F4C31863D46A3C122602097 /* Pods-FlixTests.release.xcconfig */ = {isa = PBXFileReference; includeInIndex = 1; lastKnownFileType = text.xcconfig; name = "Pods-FlixTests.release.xcconfig"; path = "Target Support Files/Pods-FlixTests/Pods-FlixTests.release.xcconfig"; sourceTree = "<group>"; };
		366B70805C10EF2CA880F43A /* Pods-Flix-FlixUITests.debug.xcconfig */ = {isa = PBXFileReference; includeInIndex = 1; lastKnownFileType = text.xcconfig; name = "Pods-Flix-FlixUITests.debug.xcconfig"; path = "Target Support Files/Pods-Flix-FlixUITests/Pods-Flix-FlixUITests.debug.xcconfig"; sourceTree = "<group>"; };
		6171F7B364D78EF5B90F304D /* Pods_Flix.framework */ = {isa = PBXFileReference; explicitFileType = wrapper.framework; includeInIndex = 0; path = Pods_Flix.framework; sourceTree = BUILT_PRODUCTS_DIR; };
		A65FDB3E9F372F7B6449ECDF /* Pods-Flix.debug.xcconfig */ = {isa = PBXFileReference; includeInIndex = 1; lastKnownFileType = text.xcconfig; name = "Pods-Flix.debug.xcconfig"; path = "Target Support Files/Pods-Flix/Pods-Flix.debug.xcconfig"; sourceTree = "<group>"; };
		C7D294EF46E03F9A812E3EBE /* Pods_Flix_FlixUITests.framework */ = {isa = PBXFileReference; explicitFileType = wrapper.framework; includeInIndex = 0; path = Pods_Flix_FlixUITests.framework; sourceTree = BUILT_PRODUCTS_DIR; };
		D900475F25EAFE7500F1B750 /* MovieDetailsViewController.swift */ = {isa = PBXFileReference; lastKnownFileType = sourcecode.swift; path = MovieDetailsViewController.swift; sourceTree = "<group>"; };
		D900476425EB25D700F1B750 /* MovieGridViewController.swift */ = {isa = PBXFileReference; lastKnownFileType = sourcecode.swift; path = MovieGridViewController.swift; sourceTree = "<group>"; };
		D900477125EB358C00F1B750 /* MovieGridCell.swift */ = {isa = PBXFileReference; lastKnownFileType = sourcecode.swift; path = MovieGridCell.swift; sourceTree = "<group>"; };
		D900477625EB484100F1B750 /* MovieGridDetailsViewController.swift */ = {isa = PBXFileReference; lastKnownFileType = sourcecode.swift; path = MovieGridDetailsViewController.swift; sourceTree = "<group>"; };
		D949BF8B25E0611A00630BFF /* MovieCell.swift */ = {isa = PBXFileReference; lastKnownFileType = sourcecode.swift; path = MovieCell.swift; sourceTree = "<group>"; };
		D9B4403825DC480B0045651A /* Flix.app */ = {isa = PBXFileReference; explicitFileType = wrapper.application; includeInIndex = 0; path = Flix.app; sourceTree = BUILT_PRODUCTS_DIR; };
		D9B4403B25DC480B0045651A /* AppDelegate.swift */ = {isa = PBXFileReference; lastKnownFileType = sourcecode.swift; path = AppDelegate.swift; sourceTree = "<group>"; };
		D9B4403D25DC480B0045651A /* SceneDelegate.swift */ = {isa = PBXFileReference; lastKnownFileType = sourcecode.swift; path = SceneDelegate.swift; sourceTree = "<group>"; };
		D9B4404225DC480B0045651A /* Base */ = {isa = PBXFileReference; lastKnownFileType = file.storyboard; name = Base; path = Base.lproj/Main.storyboard; sourceTree = "<group>"; };
		D9B4404425DC48100045651A /* Assets.xcassets */ = {isa = PBXFileReference; lastKnownFileType = folder.assetcatalog; path = Assets.xcassets; sourceTree = "<group>"; };
		D9B4404725DC48100045651A /* Base */ = {isa = PBXFileReference; lastKnownFileType = file.storyboard; name = Base; path = Base.lproj/LaunchScreen.storyboard; sourceTree = "<group>"; };
		D9B4404925DC48100045651A /* Info.plist */ = {isa = PBXFileReference; lastKnownFileType = text.plist.xml; path = Info.plist; sourceTree = "<group>"; };
		D9B4404E25DC48110045651A /* FlixTests.xctest */ = {isa = PBXFileReference; explicitFileType = wrapper.cfbundle; includeInIndex = 0; path = FlixTests.xctest; sourceTree = BUILT_PRODUCTS_DIR; };
		D9B4405225DC48110045651A /* FlixTests.swift */ = {isa = PBXFileReference; lastKnownFileType = sourcecode.swift; path = FlixTests.swift; sourceTree = "<group>"; };
		D9B4405425DC48110045651A /* Info.plist */ = {isa = PBXFileReference; lastKnownFileType = text.plist.xml; path = Info.plist; sourceTree = "<group>"; };
		D9B4405925DC48110045651A /* FlixUITests.xctest */ = {isa = PBXFileReference; explicitFileType = wrapper.cfbundle; includeInIndex = 0; path = FlixUITests.xctest; sourceTree = BUILT_PRODUCTS_DIR; };
		D9B4405D25DC48110045651A /* FlixUITests.swift */ = {isa = PBXFileReference; lastKnownFileType = sourcecode.swift; path = FlixUITests.swift; sourceTree = "<group>"; };
		D9B4405F25DC48110045651A /* Info.plist */ = {isa = PBXFileReference; lastKnownFileType = text.plist.xml; path = Info.plist; sourceTree = "<group>"; };
		D9B4407125DDF10D0045651A /* MoviesViewController.swift */ = {isa = PBXFileReference; lastKnownFileType = sourcecode.swift; path = MoviesViewController.swift; sourceTree = "<group>"; };
		E9608D14D58232539763D9EE /* Pods_FlixTests.framework */ = {isa = PBXFileReference; explicitFileType = wrapper.framework; includeInIndex = 0; path = Pods_FlixTests.framework; sourceTree = BUILT_PRODUCTS_DIR; };
/* End PBXFileReference section */

/* Begin PBXFrameworksBuildPhase section */
		D9B4403525DC480B0045651A /* Frameworks */ = {
			isa = PBXFrameworksBuildPhase;
			buildActionMask = 2147483647;
			files = (
				344D4538EA29F308D9A5094F /* Pods_Flix.framework in Frameworks */,
			);
			runOnlyForDeploymentPostprocessing = 0;
		};
		D9B4404B25DC48110045651A /* Frameworks */ = {
			isa = PBXFrameworksBuildPhase;
			buildActionMask = 2147483647;
			files = (
				1CDBE80DE76AA82D300DFCF1 /* Pods_FlixTests.framework in Frameworks */,
			);
			runOnlyForDeploymentPostprocessing = 0;
		};
		D9B4405625DC48110045651A /* Frameworks */ = {
			isa = PBXFrameworksBuildPhase;
			buildActionMask = 2147483647;
			files = (
				1D5CB9CBE7C9432F25F06E2D /* Pods_Flix_FlixUITests.framework in Frameworks */,
			);
			runOnlyForDeploymentPostprocessing = 0;
		};
/* End PBXFrameworksBuildPhase section */

/* Begin PBXGroup section */
		8C3D84D5E61861137078462E /* Frameworks */ = {
			isa = PBXGroup;
			children = (
				6171F7B364D78EF5B90F304D /* Pods_Flix.framework */,
				C7D294EF46E03F9A812E3EBE /* Pods_Flix_FlixUITests.framework */,
				E9608D14D58232539763D9EE /* Pods_FlixTests.framework */,
			);
			name = Frameworks;
			sourceTree = "<group>";
		};
		A4AE2D8117EFCCC46B76476D /* Pods */ = {
			isa = PBXGroup;
			children = (
				A65FDB3E9F372F7B6449ECDF /* Pods-Flix.debug.xcconfig */,
				1D8C5E12B69C4859EEA593CD /* Pods-Flix.release.xcconfig */,
				366B70805C10EF2CA880F43A /* Pods-Flix-FlixUITests.debug.xcconfig */,
				0F445AC55158047911558C05 /* Pods-Flix-FlixUITests.release.xcconfig */,
				1ED3F13021DCB0D0C79C3953 /* Pods-FlixTests.debug.xcconfig */,
				1F4C31863D46A3C122602097 /* Pods-FlixTests.release.xcconfig */,
			);
			path = Pods;
			sourceTree = "<group>";
		};
		D9B4402F25DC480B0045651A = {
			isa = PBXGroup;
			children = (
				D9B4403A25DC480B0045651A /* Flix */,
				D9B4405125DC48110045651A /* FlixTests */,
				D9B4405C25DC48110045651A /* FlixUITests */,
				D9B4403925DC480B0045651A /* Products */,
				A4AE2D8117EFCCC46B76476D /* Pods */,
				8C3D84D5E61861137078462E /* Frameworks */,
			);
			sourceTree = "<group>";
		};
		D9B4403925DC480B0045651A /* Products */ = {
			isa = PBXGroup;
			children = (
				D9B4403825DC480B0045651A /* Flix.app */,
				D9B4404E25DC48110045651A /* FlixTests.xctest */,
				D9B4405925DC48110045651A /* FlixUITests.xctest */,
			);
			name = Products;
			sourceTree = "<group>";
		};
		D9B4403A25DC480B0045651A /* Flix */ = {
			isa = PBXGroup;
			children = (
				D9B4403B25DC480B0045651A /* AppDelegate.swift */,
				D9B4403D25DC480B0045651A /* SceneDelegate.swift */,
				D9B4404125DC480B0045651A /* Main.storyboard */,
				D9B4404425DC48100045651A /* Assets.xcassets */,
				D9B4404625DC48100045651A /* LaunchScreen.storyboard */,
				D9B4404925DC48100045651A /* Info.plist */,
				D9B4407125DDF10D0045651A /* MoviesViewController.swift */,
				D949BF8B25E0611A00630BFF /* MovieCell.swift */,
				D900475F25EAFE7500F1B750 /* MovieDetailsViewController.swift */,
				D900476425EB25D700F1B750 /* MovieGridViewController.swift */,
				D900477125EB358C00F1B750 /* MovieGridCell.swift */,
				D900477625EB484100F1B750 /* MovieGridDetailsViewController.swift */,
			);
			path = Flix;
			sourceTree = "<group>";
		};
		D9B4405125DC48110045651A /* FlixTests */ = {
			isa = PBXGroup;
			children = (
				D9B4405225DC48110045651A /* FlixTests.swift */,
				D9B4405425DC48110045651A /* Info.plist */,
			);
			path = FlixTests;
			sourceTree = "<group>";
		};
		D9B4405C25DC48110045651A /* FlixUITests */ = {
			isa = PBXGroup;
			children = (
				D9B4405D25DC48110045651A /* FlixUITests.swift */,
				D9B4405F25DC48110045651A /* Info.plist */,
			);
			path = FlixUITests;
			sourceTree = "<group>";
		};
/* End PBXGroup section */

/* Begin PBXNativeTarget section */
		D9B4403725DC480B0045651A /* Flix */ = {
			isa = PBXNativeTarget;
			buildConfigurationList = D9B4406225DC48110045651A /* Build configuration list for PBXNativeTarget "Flix" */;
			buildPhases = (
				A9197E43B07A74ADB0608933 /* [CP] Check Pods Manifest.lock */,
				D9B4403425DC480B0045651A /* Sources */,
				D9B4403525DC480B0045651A /* Frameworks */,
				D9B4403625DC480B0045651A /* Resources */,
				7BB1020AEA9E29143CF552C2 /* [CP] Embed Pods Frameworks */,
			);
			buildRules = (
			);
			dependencies = (
			);
			name = Flix;
			productName = Flix;
			productReference = D9B4403825DC480B0045651A /* Flix.app */;
			productType = "com.apple.product-type.application";
		};
		D9B4404D25DC48110045651A /* FlixTests */ = {
			isa = PBXNativeTarget;
			buildConfigurationList = D9B4406525DC48110045651A /* Build configuration list for PBXNativeTarget "FlixTests" */;
			buildPhases = (
				00A77C74FD6D95119E0949E0 /* [CP] Check Pods Manifest.lock */,
				D9B4404A25DC48110045651A /* Sources */,
				D9B4404B25DC48110045651A /* Frameworks */,
				D9B4404C25DC48110045651A /* Resources */,
			);
			buildRules = (
			);
			dependencies = (
				D9B4405025DC48110045651A /* PBXTargetDependency */,
			);
			name = FlixTests;
			productName = FlixTests;
			productReference = D9B4404E25DC48110045651A /* FlixTests.xctest */;
			productType = "com.apple.product-type.bundle.unit-test";
		};
		D9B4405825DC48110045651A /* FlixUITests */ = {
			isa = PBXNativeTarget;
			buildConfigurationList = D9B4406825DC48110045651A /* Build configuration list for PBXNativeTarget "FlixUITests" */;
			buildPhases = (
				EABD496BCDACDC1E5F904198 /* [CP] Check Pods Manifest.lock */,
				D9B4405525DC48110045651A /* Sources */,
				D9B4405625DC48110045651A /* Frameworks */,
				D9B4405725DC48110045651A /* Resources */,
				F66A53E6942F51F9953A0D5C /* [CP] Embed Pods Frameworks */,
			);
			buildRules = (
			);
			dependencies = (
				D9B4405B25DC48110045651A /* PBXTargetDependency */,
			);
			name = FlixUITests;
			productName = FlixUITests;
			productReference = D9B4405925DC48110045651A /* FlixUITests.xctest */;
			productType = "com.apple.product-type.bundle.ui-testing";
		};
/* End PBXNativeTarget section */

/* Begin PBXProject section */
		D9B4403025DC480B0045651A /* Project object */ = {
			isa = PBXProject;
			attributes = {
				LastSwiftUpdateCheck = 1240;
				LastUpgradeCheck = 1240;
				TargetAttributes = {
					D9B4403725DC480B0045651A = {
						CreatedOnToolsVersion = 12.4;
					};
					D9B4404D25DC48110045651A = {
						CreatedOnToolsVersion = 12.4;
						TestTargetID = D9B4403725DC480B0045651A;
					};
					D9B4405825DC48110045651A = {
						CreatedOnToolsVersion = 12.4;
						TestTargetID = D9B4403725DC480B0045651A;
					};
				};
			};
			buildConfigurationList = D9B4403325DC480B0045651A /* Build configuration list for PBXProject "Flix" */;
			compatibilityVersion = "Xcode 9.3";
			developmentRegion = en;
			hasScannedForEncodings = 0;
			knownRegions = (
				en,
				Base,
			);
			mainGroup = D9B4402F25DC480B0045651A;
			productRefGroup = D9B4403925DC480B0045651A /* Products */;
			projectDirPath = "";
			projectRoot = "";
			targets = (
				D9B4403725DC480B0045651A /* Flix */,
				D9B4404D25DC48110045651A /* FlixTests */,
				D9B4405825DC48110045651A /* FlixUITests */,
			);
		};
/* End PBXProject section */

/* Begin PBXResourcesBuildPhase section */
		D9B4403625DC480B0045651A /* Resources */ = {
			isa = PBXResourcesBuildPhase;
			buildActionMask = 2147483647;
			files = (
				D9B4404825DC48100045651A /* LaunchScreen.storyboard in Resources */,
				D9B4404525DC48100045651A /* Assets.xcassets in Resources */,
				D9B4404325DC480B0045651A /* Main.storyboard in Resources */,
			);
			runOnlyForDeploymentPostprocessing = 0;
		};
		D9B4404C25DC48110045651A /* Resources */ = {
			isa = PBXResourcesBuildPhase;
			buildActionMask = 2147483647;
			files = (
			);
			runOnlyForDeploymentPostprocessing = 0;
		};
		D9B4405725DC48110045651A /* Resources */ = {
			isa = PBXResourcesBuildPhase;
			buildActionMask = 2147483647;
			files = (
			);
			runOnlyForDeploymentPostprocessing = 0;
		};
/* End PBXResourcesBuildPhase section */

/* Begin PBXShellScriptBuildPhase section */
		00A77C74FD6D95119E0949E0 /* [CP] Check Pods Manifest.lock */ = {
			isa = PBXShellScriptBuildPhase;
			buildActionMask = 2147483647;
			files = (
			);
			inputFileListPaths = (
			);
			inputPaths = (
				"${PODS_PODFILE_DIR_PATH}/Podfile.lock",
				"${PODS_ROOT}/Manifest.lock",
			);
			name = "[CP] Check Pods Manifest.lock";
			outputFileListPaths = (
			);
			outputPaths = (
				"$(DERIVED_FILE_DIR)/Pods-FlixTests-checkManifestLockResult.txt",
			);
			runOnlyForDeploymentPostprocessing = 0;
			shellPath = /bin/sh;
			shellScript = "diff \"${PODS_PODFILE_DIR_PATH}/Podfile.lock\" \"${PODS_ROOT}/Manifest.lock\" > /dev/null\nif [ $? != 0 ] ; then\n    # print error to STDERR\n    echo \"error: The sandbox is not in sync with the Podfile.lock. Run 'pod install' or update your CocoaPods installation.\" >&2\n    exit 1\nfi\n# This output is used by Xcode 'outputs' to avoid re-running this script phase.\necho \"SUCCESS\" > \"${SCRIPT_OUTPUT_FILE_0}\"\n";
			showEnvVarsInLog = 0;
		};
		7BB1020AEA9E29143CF552C2 /* [CP] Embed Pods Frameworks */ = {
			isa = PBXShellScriptBuildPhase;
			buildActionMask = 2147483647;
			files = (
			);
			inputFileListPaths = (
				"${PODS_ROOT}/Target Support Files/Pods-Flix/Pods-Flix-frameworks-${CONFIGURATION}-input-files.xcfilelist",
			);
			name = "[CP] Embed Pods Frameworks";
			outputFileListPaths = (
				"${PODS_ROOT}/Target Support Files/Pods-Flix/Pods-Flix-frameworks-${CONFIGURATION}-output-files.xcfilelist",
			);
			runOnlyForDeploymentPostprocessing = 0;
			shellPath = /bin/sh;
			shellScript = "\"${PODS_ROOT}/Target Support Files/Pods-Flix/Pods-Flix-frameworks.sh\"\n";
			showEnvVarsInLog = 0;
		};
		A9197E43B07A74ADB0608933 /* [CP] Check Pods Manifest.lock */ = {
			isa = PBXShellScriptBuildPhase;
			buildActionMask = 2147483647;
			files = (
			);
			inputFileListPaths = (
			);
			inputPaths = (
				"${PODS_PODFILE_DIR_PATH}/Podfile.lock",
				"${PODS_ROOT}/Manifest.lock",
			);
			name = "[CP] Check Pods Manifest.lock";
			outputFileListPaths = (
			);
			outputPaths = (
				"$(DERIVED_FILE_DIR)/Pods-Flix-checkManifestLockResult.txt",
			);
			runOnlyForDeploymentPostprocessing = 0;
			shellPath = /bin/sh;
			shellScript = "diff \"${PODS_PODFILE_DIR_PATH}/Podfile.lock\" \"${PODS_ROOT}/Manifest.lock\" > /dev/null\nif [ $? != 0 ] ; then\n    # print error to STDERR\n    echo \"error: The sandbox is not in sync with the Podfile.lock. Run 'pod install' or update your CocoaPods installation.\" >&2\n    exit 1\nfi\n# This output is used by Xcode 'outputs' to avoid re-running this script phase.\necho \"SUCCESS\" > \"${SCRIPT_OUTPUT_FILE_0}\"\n";
			showEnvVarsInLog = 0;
		};
		EABD496BCDACDC1E5F904198 /* [CP] Check Pods Manifest.lock */ = {
			isa = PBXShellScriptBuildPhase;
			buildActionMask = 2147483647;
			files = (
			);
			inputFileListPaths = (
			);
			inputPaths = (
				"${PODS_PODFILE_DIR_PATH}/Podfile.lock",
				"${PODS_ROOT}/Manifest.lock",
			);
			name = "[CP] Check Pods Manifest.lock";
			outputFileListPaths = (
			);
			outputPaths = (
				"$(DERIVED_FILE_DIR)/Pods-Flix-FlixUITests-checkManifestLockResult.txt",
			);
			runOnlyForDeploymentPostprocessing = 0;
			shellPath = /bin/sh;
			shellScript = "diff \"${PODS_PODFILE_DIR_PATH}/Podfile.lock\" \"${PODS_ROOT}/Manifest.lock\" > /dev/null\nif [ $? != 0 ] ; then\n    # print error to STDERR\n    echo \"error: The sandbox is not in sync with the Podfile.lock. Run 'pod install' or update your CocoaPods installation.\" >&2\n    exit 1\nfi\n# This output is used by Xcode 'outputs' to avoid re-running this script phase.\necho \"SUCCESS\" > \"${SCRIPT_OUTPUT_FILE_0}\"\n";
			showEnvVarsInLog = 0;
		};
		F66A53E6942F51F9953A0D5C /* [CP] Embed Pods Frameworks */ = {
			isa = PBXShellScriptBuildPhase;
			buildActionMask = 2147483647;
			files = (
			);
			inputFileListPaths = (
				"${PODS_ROOT}/Target Support Files/Pods-Flix-FlixUITests/Pods-Flix-FlixUITests-frameworks-${CONFIGURATION}-input-files.xcfilelist",
			);
			name = "[CP] Embed Pods Frameworks";
			outputFileListPaths = (
				"${PODS_ROOT}/Target Support Files/Pods-Flix-FlixUITests/Pods-Flix-FlixUITests-frameworks-${CONFIGURATION}-output-files.xcfilelist",
			);
			runOnlyForDeploymentPostprocessing = 0;
			shellPath = /bin/sh;
			shellScript = "\"${PODS_ROOT}/Target Support Files/Pods-Flix-FlixUITests/Pods-Flix-FlixUITests-frameworks.sh\"\n";
			showEnvVarsInLog = 0;
		};
/* End PBXShellScriptBuildPhase section */

/* Begin PBXSourcesBuildPhase section */
		D9B4403425DC480B0045651A /* Sources */ = {
			isa = PBXSourcesBuildPhase;
			buildActionMask = 2147483647;
			files = (
				D900476025EAFE7500F1B750 /* MovieDetailsViewController.swift in Sources */,
				D9B4403C25DC480B0045651A /* AppDelegate.swift in Sources */,
				D900477725EB484100F1B750 /* MovieGridDetailsViewController.swift in Sources */,
				D9B4403E25DC480B0045651A /* SceneDelegate.swift in Sources */,
				D949BF8C25E0611A00630BFF /* MovieCell.swift in Sources */,
				D9B4407225DDF10D0045651A /* MoviesViewController.swift in Sources */,
				D900476525EB25D700F1B750 /* MovieGridViewController.swift in Sources */,
				D900477225EB358C00F1B750 /* MovieGridCell.swift in Sources */,
			);
			runOnlyForDeploymentPostprocessing = 0;
		};
		D9B4404A25DC48110045651A /* Sources */ = {
			isa = PBXSourcesBuildPhase;
			buildActionMask = 2147483647;
			files = (
				D9B4405325DC48110045651A /* FlixTests.swift in Sources */,
			);
			runOnlyForDeploymentPostprocessing = 0;
		};
		D9B4405525DC48110045651A /* Sources */ = {
			isa = PBXSourcesBuildPhase;
			buildActionMask = 2147483647;
			files = (
				D9B4405E25DC48110045651A /* FlixUITests.swift in Sources */,
			);
			runOnlyForDeploymentPostprocessing = 0;
		};
/* End PBXSourcesBuildPhase section */

/* Begin PBXTargetDependency section */
		D9B4405025DC48110045651A /* PBXTargetDependency */ = {
			isa = PBXTargetDependency;
			target = D9B4403725DC480B0045651A /* Flix */;
			targetProxy = D9B4404F25DC48110045651A /* PBXContainerItemProxy */;
		};
		D9B4405B25DC48110045651A /* PBXTargetDependency */ = {
			isa = PBXTargetDependency;
			target = D9B4403725DC480B0045651A /* Flix */;
			targetProxy = D9B4405A25DC48110045651A /* PBXContainerItemProxy */;
		};
/* End PBXTargetDependency section */

/* Begin PBXVariantGroup section */
		D9B4404125DC480B0045651A /* Main.storyboard */ = {
			isa = PBXVariantGroup;
			children = (
				D9B4404225DC480B0045651A /* Base */,
			);
			name = Main.storyboard;
			sourceTree = "<group>";
		};
		D9B4404625DC48100045651A /* LaunchScreen.storyboard */ = {
			isa = PBXVariantGroup;
			children = (
				D9B4404725DC48100045651A /* Base */,
			);
			name = LaunchScreen.storyboard;
			sourceTree = "<group>";
		};
/* End PBXVariantGroup section */

/* Begin XCBuildConfiguration section */
		D9B4406025DC48110045651A /* Debug */ = {
			isa = XCBuildConfiguration;
			buildSettings = {
				ALWAYS_SEARCH_USER_PATHS = NO;
				CLANG_ANALYZER_NONNULL = YES;
				CLANG_ANALYZER_NUMBER_OBJECT_CONVERSION = YES_AGGRESSIVE;
				CLANG_CXX_LANGUAGE_STANDARD = "gnu++14";
				CLANG_CXX_LIBRARY = "libc++";
				CLANG_ENABLE_MODULES = YES;
				CLANG_ENABLE_OBJC_ARC = YES;
				CLANG_ENABLE_OBJC_WEAK = YES;
				CLANG_WARN_BLOCK_CAPTURE_AUTORELEASING = YES;
				CLANG_WARN_BOOL_CONVERSION = YES;
				CLANG_WARN_COMMA = YES;
				CLANG_WARN_CONSTANT_CONVERSION = YES;
				CLANG_WARN_DEPRECATED_OBJC_IMPLEMENTATIONS = YES;
				CLANG_WARN_DIRECT_OBJC_ISA_USAGE = YES_ERROR;
				CLANG_WARN_DOCUMENTATION_COMMENTS = YES;
				CLANG_WARN_EMPTY_BODY = YES;
				CLANG_WARN_ENUM_CONVERSION = YES;
				CLANG_WARN_INFINITE_RECURSION = YES;
				CLANG_WARN_INT_CONVERSION = YES;
				CLANG_WARN_NON_LITERAL_NULL_CONVERSION = YES;
				CLANG_WARN_OBJC_IMPLICIT_RETAIN_SELF = YES;
				CLANG_WARN_OBJC_LITERAL_CONVERSION = YES;
				CLANG_WARN_OBJC_ROOT_CLASS = YES_ERROR;
				CLANG_WARN_QUOTED_INCLUDE_IN_FRAMEWORK_HEADER = YES;
				CLANG_WARN_RANGE_LOOP_ANALYSIS = YES;
				CLANG_WARN_STRICT_PROTOTYPES = YES;
				CLANG_WARN_SUSPICIOUS_MOVE = YES;
				CLANG_WARN_UNGUARDED_AVAILABILITY = YES_AGGRESSIVE;
				CLANG_WARN_UNREACHABLE_CODE = YES;
				CLANG_WARN__DUPLICATE_METHOD_MATCH = YES;
				COPY_PHASE_STRIP = NO;
				DEBUG_INFORMATION_FORMAT = dwarf;
				ENABLE_STRICT_OBJC_MSGSEND = YES;
				ENABLE_TESTABILITY = YES;
				GCC_C_LANGUAGE_STANDARD = gnu11;
				GCC_DYNAMIC_NO_PIC = NO;
				GCC_NO_COMMON_BLOCKS = YES;
				GCC_OPTIMIZATION_LEVEL = 0;
				GCC_PREPROCESSOR_DEFINITIONS = (
					"DEBUG=1",
					"$(inherited)",
				);
				GCC_WARN_64_TO_32_BIT_CONVERSION = YES;
				GCC_WARN_ABOUT_RETURN_TYPE = YES_ERROR;
				GCC_WARN_UNDECLARED_SELECTOR = YES;
				GCC_WARN_UNINITIALIZED_AUTOS = YES_AGGRESSIVE;
				GCC_WARN_UNUSED_FUNCTION = YES;
				GCC_WARN_UNUSED_VARIABLE = YES;
				IPHONEOS_DEPLOYMENT_TARGET = 14.4;
				MTL_ENABLE_DEBUG_INFO = INCLUDE_SOURCE;
				MTL_FAST_MATH = YES;
				ONLY_ACTIVE_ARCH = YES;
				SDKROOT = iphoneos;
				SWIFT_ACTIVE_COMPILATION_CONDITIONS = DEBUG;
				SWIFT_OPTIMIZATION_LEVEL = "-Onone";
			};
			name = Debug;
		};
		D9B4406125DC48110045651A /* Release */ = {
			isa = XCBuildConfiguration;
			buildSettings = {
				ALWAYS_SEARCH_USER_PATHS = NO;
				CLANG_ANALYZER_NONNULL = YES;
				CLANG_ANALYZER_NUMBER_OBJECT_CONVERSION = YES_AGGRESSIVE;
				CLANG_CXX_LANGUAGE_STANDARD = "gnu++14";
				CLANG_CXX_LIBRARY = "libc++";
				CLANG_ENABLE_MODULES = YES;
				CLANG_ENABLE_OBJC_ARC = YES;
				CLANG_ENABLE_OBJC_WEAK = YES;
				CLANG_WARN_BLOCK_CAPTURE_AUTORELEASING = YES;
				CLANG_WARN_BOOL_CONVERSION = YES;
				CLANG_WARN_COMMA = YES;
				CLANG_WARN_CONSTANT_CONVERSION = YES;
				CLANG_WARN_DEPRECATED_OBJC_IMPLEMENTATIONS = YES;
				CLANG_WARN_DIRECT_OBJC_ISA_USAGE = YES_ERROR;
				CLANG_WARN_DOCUMENTATION_COMMENTS = YES;
				CLANG_WARN_EMPTY_BODY = YES;
				CLANG_WARN_ENUM_CONVERSION = YES;
				CLANG_WARN_INFINITE_RECURSION = YES;
				CLANG_WARN_INT_CONVERSION = YES;
				CLANG_WARN_NON_LITERAL_NULL_CONVERSION = YES;
				CLANG_WARN_OBJC_IMPLICIT_RETAIN_SELF = YES;
				CLANG_WARN_OBJC_LITERAL_CONVERSION = YES;
				CLANG_WARN_OBJC_ROOT_CLASS = YES_ERROR;
				CLANG_WARN_QUOTED_INCLUDE_IN_FRAMEWORK_HEADER = YES;
				CLANG_WARN_RANGE_LOOP_ANALYSIS = YES;
				CLANG_WARN_STRICT_PROTOTYPES = YES;
				CLANG_WARN_SUSPICIOUS_MOVE = YES;
				CLANG_WARN_UNGUARDED_AVAILABILITY = YES_AGGRESSIVE;
				CLANG_WARN_UNREACHABLE_CODE = YES;
				CLANG_WARN__DUPLICATE_METHOD_MATCH = YES;
				COPY_PHASE_STRIP = NO;
				DEBUG_INFORMATION_FORMAT = "dwarf-with-dsym";
				ENABLE_NS_ASSERTIONS = NO;
				ENABLE_STRICT_OBJC_MSGSEND = YES;
				GCC_C_LANGUAGE_STANDARD = gnu11;
				GCC_NO_COMMON_BLOCKS = YES;
				GCC_WARN_64_TO_32_BIT_CONVERSION = YES;
				GCC_WARN_ABOUT_RETURN_TYPE = YES_ERROR;
				GCC_WARN_UNDECLARED_SELECTOR = YES;
				GCC_WARN_UNINITIALIZED_AUTOS = YES_AGGRESSIVE;
				GCC_WARN_UNUSED_FUNCTION = YES;
				GCC_WARN_UNUSED_VARIABLE = YES;
				IPHONEOS_DEPLOYMENT_TARGET = 14.4;
				MTL_ENABLE_DEBUG_INFO = NO;
				MTL_FAST_MATH = YES;
				SDKROOT = iphoneos;
				SWIFT_COMPILATION_MODE = wholemodule;
				SWIFT_OPTIMIZATION_LEVEL = "-O";
				VALIDATE_PRODUCT = YES;
			};
			name = Release;
		};
		D9B4406325DC48110045651A /* Debug */ = {
			isa = XCBuildConfiguration;
			baseConfigurationReference = A65FDB3E9F372F7B6449ECDF /* Pods-Flix.debug.xcconfig */;
			buildSettings = {
				ASSETCATALOG_COMPILER_APPICON_NAME = AppIcon;
				ASSETCATALOG_COMPILER_GLOBAL_ACCENT_COLOR_NAME = AccentColor;
				CODE_SIGN_STYLE = Automatic;
				DEVELOPMENT_TEAM = 6W77YYJ8BP;
				INFOPLIST_FILE = Flix/Info.plist;
				LD_RUNPATH_SEARCH_PATHS = (
					"$(inherited)",
					"@executable_path/Frameworks",
				);
				PRODUCT_BUNDLE_IDENTIFIER = polidora2k.Flix;
				PRODUCT_NAME = "$(TARGET_NAME)";
				SWIFT_VERSION = 5.0;
				TARGETED_DEVICE_FAMILY = "1,2";
			};
			name = Debug;
		};
		D9B4406425DC48110045651A /* Release */ = {
			isa = XCBuildConfiguration;
			baseConfigurationReference = 1D8C5E12B69C4859EEA593CD /* Pods-Flix.release.xcconfig */;
			buildSettings = {
				ASSETCATALOG_COMPILER_APPICON_NAME = AppIcon;
				ASSETCATALOG_COMPILER_GLOBAL_ACCENT_COLOR_NAME = AccentColor;
				CODE_SIGN_STYLE = Automatic;
				DEVELOPMENT_TEAM = 6W77YYJ8BP;
				INFOPLIST_FILE = Flix/Info.plist;
				LD_RUNPATH_SEARCH_PATHS = (
					"$(inherited)",
					"@executable_path/Frameworks",
				);
				PRODUCT_BUNDLE_IDENTIFIER = polidora2k.Flix;
				PRODUCT_NAME = "$(TARGET_NAME)";
				SWIFT_VERSION = 5.0;
				TARGETED_DEVICE_FAMILY = "1,2";
			};
			name = Release;
		};
		D9B4406625DC48110045651A /* Debug */ = {
			isa = XCBuildConfiguration;
			baseConfigurationReference = 1ED3F13021DCB0D0C79C3953 /* Pods-FlixTests.debug.xcconfig */;
			buildSettings = {
				ALWAYS_EMBED_SWIFT_STANDARD_LIBRARIES = YES;
				BUNDLE_LOADER = "$(TEST_HOST)";
				CODE_SIGN_STYLE = Automatic;
				INFOPLIST_FILE = FlixTests/Info.plist;
				IPHONEOS_DEPLOYMENT_TARGET = 14.4;
				LD_RUNPATH_SEARCH_PATHS = (
					"$(inherited)",
					"@executable_path/Frameworks",
					"@loader_path/Frameworks",
				);
				PRODUCT_BUNDLE_IDENTIFIER = polidora2k.FlixTests;
				PRODUCT_NAME = "$(TARGET_NAME)";
				SWIFT_VERSION = 5.0;
				TARGETED_DEVICE_FAMILY = "1,2";
				TEST_HOST = "$(BUILT_PRODUCTS_DIR)/Flix.app/Flix";
			};
			name = Debug;
		};
		D9B4406725DC48110045651A /* Release */ = {
			isa = XCBuildConfiguration;
			baseConfigurationReference = 1F4C31863D46A3C122602097 /* Pods-FlixTests.release.xcconfig */;
			buildSettings = {
				ALWAYS_EMBED_SWIFT_STANDARD_LIBRARIES = YES;
				BUNDLE_LOADER = "$(TEST_HOST)";
				CODE_SIGN_STYLE = Automatic;
				INFOPLIST_FILE = FlixTests/Info.plist;
				IPHONEOS_DEPLOYMENT_TARGET = 14.4;
				LD_RUNPATH_SEARCH_PATHS = (
					"$(inherited)",
					"@executable_path/Frameworks",
					"@loader_path/Frameworks",
				);
				PRODUCT_BUNDLE_IDENTIFIER = polidora2k.FlixTests;
				PRODUCT_NAME = "$(TARGET_NAME)";
				SWIFT_VERSION = 5.0;
				TARGETED_DEVICE_FAMILY = "1,2";
				TEST_HOST = "$(BUILT_PRODUCTS_DIR)/Flix.app/Flix";
			};
			name = Release;
		};
		D9B4406925DC48110045651A /* Debug */ = {
			isa = XCBuildConfiguration;
			baseConfigurationReference = 366B70805C10EF2CA880F43A /* Pods-Flix-FlixUITests.debug.xcconfig */;
			buildSettings = {
				ALWAYS_EMBED_SWIFT_STANDARD_LIBRARIES = YES;
				CODE_SIGN_STYLE = Automatic;
				INFOPLIST_FILE = FlixUITests/Info.plist;
				LD_RUNPATH_SEARCH_PATHS = (
					"$(inherited)",
					"@executable_path/Frameworks",
					"@loader_path/Frameworks",
				);
				PRODUCT_BUNDLE_IDENTIFIER = polidora2k.FlixUITests;
				PRODUCT_NAME = "$(TARGET_NAME)";
				SWIFT_VERSION = 5.0;
				TARGETED_DEVICE_FAMILY = "1,2";
				TEST_TARGET_NAME = Flix;
			};
			name = Debug;
		};
		D9B4406A25DC48110045651A /* Release */ = {
			isa = XCBuildConfiguration;
			baseConfigurationReference = 0F445AC55158047911558C05 /* Pods-Flix-FlixUITests.release.xcconfig */;
			buildSettings = {
				ALWAYS_EMBED_SWIFT_STANDARD_LIBRARIES = YES;
				CODE_SIGN_STYLE = Automatic;
				INFOPLIST_FILE = FlixUITests/Info.plist;
				LD_RUNPATH_SEARCH_PATHS = (
					"$(inherited)",
					"@executable_path/Frameworks",
					"@loader_path/Frameworks",
				);
				PRODUCT_BUNDLE_IDENTIFIER = polidora2k.FlixUITests;
				PRODUCT_NAME = "$(TARGET_NAME)";
				SWIFT_VERSION = 5.0;
				TARGETED_DEVICE_FAMILY = "1,2";
				TEST_TARGET_NAME = Flix;
			};
			name = Release;
		};
/* End XCBuildConfiguration section */

/* Begin XCConfigurationList section */
		D9B4403325DC480B0045651A /* Build configuration list for PBXProject "Flix" */ = {
			isa = XCConfigurationList;
			buildConfigurations = (
				D9B4406025DC48110045651A /* Debug */,
				D9B4406125DC48110045651A /* Release */,
			);
			defaultConfigurationIsVisible = 0;
			defaultConfigurationName = Release;
		};
		D9B4406225DC48110045651A /* Build configuration list for PBXNativeTarget "Flix" */ = {
			isa = XCConfigurationList;
			buildConfigurations = (
				D9B4406325DC48110045651A /* Debug */,
				D9B4406425DC48110045651A /* Release */,
			);
			defaultConfigurationIsVisible = 0;
			defaultConfigurationName = Release;
		};
		D9B4406525DC48110045651A /* Build configuration list for PBXNativeTarget "FlixTests" */ = {
			isa = XCConfigurationList;
			buildConfigurations = (
				D9B4406625DC48110045651A /* Debug */,
				D9B4406725DC48110045651A /* Release */,
			);
			defaultConfigurationIsVisible = 0;
			defaultConfigurationName = Release;
		};
		D9B4406825DC48110045651A /* Build configuration list for PBXNativeTarget "FlixUITests" */ = {
			isa = XCConfigurationList;
			buildConfigurations = (
				D9B4406925DC48110045651A /* Debug */,
				D9B4406A25DC48110045651A /* Release */,
			);
			defaultConfigurationIsVisible = 0;
			defaultConfigurationName = Release;
		};
/* End XCConfigurationList section */
	};
	rootObject = D9B4403025DC480B0045651A /* Project object */;
}
